// !$*UTF8*$!
{
	archiveVersion = 1;
	classes = {
	};
	objectVersion = 56;
	objects = {

/* Begin PBXBuildFile section */
		406C0DB729AFEA1D00BFA06A /* LocationManager.swift in Sources */ = {isa = PBXBuildFile; fileRef = 406C0DB629AFEA1D00BFA06A /* LocationManager.swift */; };
		407B0ABE29E8783B00AAC475 /* RideRequestView.swift in Sources */ = {isa = PBXBuildFile; fileRef = 407B0ABD29E8783B00AAC475 /* RideRequestView.swift */; };
		407B0AC029E88DA000AAC475 /* RideType.swift in Sources */ = {isa = PBXBuildFile; fileRef = 407B0ABF29E88DA000AAC475 /* RideType.swift */; };
		408D8C8529B3FB180037DA73 /* LocationSearchViewModel.swift in Sources */ = {isa = PBXBuildFile; fileRef = 408D8C8429B3FB180037DA73 /* LocationSearchViewModel.swift */; };
		4090CE0029EEFC8200E1B4A8 /* Double.swift in Sources */ = {isa = PBXBuildFile; fileRef = 4090CDFF29EEFC8200E1B4A8 /* Double.swift */; };
		4090CE0229EEFEAB00E1B4A8 /* iTaxiLocation.swift in Sources */ = {isa = PBXBuildFile; fileRef = 4090CE0129EEFEAB00E1B4A8 /* iTaxiLocation.swift */; };
		40A357A729B11FB000931DCD /* LocationSearchActivationView.swift in Sources */ = {isa = PBXBuildFile; fileRef = 40A357A629B11FB000931DCD /* LocationSearchActivationView.swift */; };
		40A357A929B1215D00931DCD /* MapViewActionButton.swift in Sources */ = {isa = PBXBuildFile; fileRef = 40A357A829B1215D00931DCD /* MapViewActionButton.swift */; };
		40A357AB29B1225500931DCD /* LocationSearchView.swift in Sources */ = {isa = PBXBuildFile; fileRef = 40A357AA29B1225500931DCD /* LocationSearchView.swift */; };
		40A357AD29B1256500931DCD /* LocationSearchResultCell.swift in Sources */ = {isa = PBXBuildFile; fileRef = 40A357AC29B1256500931DCD /* LocationSearchResultCell.swift */; };
		40CFCA9729D6070B008BCACC /* MapViewState.swift in Sources */ = {isa = PBXBuildFile; fileRef = 40CFCA9629D6070B008BCACC /* MapViewState.swift */; };
		40D7F79129AFA96000611CDF /* HomeView.swift in Sources */ = {isa = PBXBuildFile; fileRef = 40D7F79029AFA96000611CDF /* HomeView.swift */; };
		40D7F79329AFA9D700611CDF /* iTaxiMapViewRepresentable.swift in Sources */ = {isa = PBXBuildFile; fileRef = 40D7F79229AFA9D700611CDF /* iTaxiMapViewRepresentable.swift */; };
		40F925F429AF508200434F98 /* iTaxiApp.swift in Sources */ = {isa = PBXBuildFile; fileRef = 40F925F329AF508200434F98 /* iTaxiApp.swift */; };
		40F925F829AF508300434F98 /* Assets.xcassets in Resources */ = {isa = PBXBuildFile; fileRef = 40F925F729AF508300434F98 /* Assets.xcassets */; };
		40F925FB29AF508300434F98 /* Preview Assets.xcassets in Resources */ = {isa = PBXBuildFile; fileRef = 40F925FA29AF508300434F98 /* Preview Assets.xcassets */; };
/* End PBXBuildFile section */

/* Begin PBXFileReference section */
		406C0DB629AFEA1D00BFA06A /* LocationManager.swift */ = {isa = PBXFileReference; lastKnownFileType = sourcecode.swift; path = LocationManager.swift; sourceTree = "<group>"; };
		407B0ABD29E8783B00AAC475 /* RideRequestView.swift */ = {isa = PBXFileReference; lastKnownFileType = sourcecode.swift; path = RideRequestView.swift; sourceTree = "<group>"; };
		407B0ABF29E88DA000AAC475 /* RideType.swift */ = {isa = PBXFileReference; lastKnownFileType = sourcecode.swift; path = RideType.swift; sourceTree = "<group>"; };
		408D8C8429B3FB180037DA73 /* LocationSearchViewModel.swift */ = {isa = PBXFileReference; lastKnownFileType = sourcecode.swift; path = LocationSearchViewModel.swift; sourceTree = "<group>"; };
		4090CDFF29EEFC8200E1B4A8 /* Double.swift */ = {isa = PBXFileReference; lastKnownFileType = sourcecode.swift; path = Double.swift; sourceTree = "<group>"; };
		4090CE0129EEFEAB00E1B4A8 /* iTaxiLocation.swift */ = {isa = PBXFileReference; lastKnownFileType = sourcecode.swift; path = iTaxiLocation.swift; sourceTree = "<group>"; };
		40A357A629B11FB000931DCD /* LocationSearchActivationView.swift */ = {isa = PBXFileReference; lastKnownFileType = sourcecode.swift; path = LocationSearchActivationView.swift; sourceTree = "<group>"; };
		40A357A829B1215D00931DCD /* MapViewActionButton.swift */ = {isa = PBXFileReference; lastKnownFileType = sourcecode.swift; path = MapViewActionButton.swift; sourceTree = "<group>"; };
		40A357AA29B1225500931DCD /* LocationSearchView.swift */ = {isa = PBXFileReference; lastKnownFileType = sourcecode.swift; path = LocationSearchView.swift; sourceTree = "<group>"; };
		40A357AC29B1256500931DCD /* LocationSearchResultCell.swift */ = {isa = PBXFileReference; lastKnownFileType = sourcecode.swift; path = LocationSearchResultCell.swift; sourceTree = "<group>"; };
		40CFCA9629D6070B008BCACC /* MapViewState.swift */ = {isa = PBXFileReference; lastKnownFileType = sourcecode.swift; path = MapViewState.swift; sourceTree = "<group>"; };
		40D7F79029AFA96000611CDF /* HomeView.swift */ = {isa = PBXFileReference; lastKnownFileType = sourcecode.swift; path = HomeView.swift; sourceTree = "<group>"; };
		40D7F79229AFA9D700611CDF /* iTaxiMapViewRepresentable.swift */ = {isa = PBXFileReference; lastKnownFileType = sourcecode.swift; path = iTaxiMapViewRepresentable.swift; sourceTree = "<group>"; };
		40F925F029AF508200434F98 /* iTaxi.app */ = {isa = PBXFileReference; explicitFileType = wrapper.application; includeInIndex = 0; path = iTaxi.app; sourceTree = BUILT_PRODUCTS_DIR; };
		40F925F329AF508200434F98 /* iTaxiApp.swift */ = {isa = PBXFileReference; lastKnownFileType = sourcecode.swift; path = iTaxiApp.swift; sourceTree = "<group>"; };
		40F925F729AF508300434F98 /* Assets.xcassets */ = {isa = PBXFileReference; lastKnownFileType = folder.assetcatalog; path = Assets.xcassets; sourceTree = "<group>"; };
		40F925FA29AF508300434F98 /* Preview Assets.xcassets */ = {isa = PBXFileReference; lastKnownFileType = folder.assetcatalog; path = "Preview Assets.xcassets"; sourceTree = "<group>"; };
/* End PBXFileReference section */

/* Begin PBXFrameworksBuildPhase section */
		40F925ED29AF508200434F98 /* Frameworks */ = {
			isa = PBXFrameworksBuildPhase;
			buildActionMask = 2147483647;
			files = (
			);
			runOnlyForDeploymentPostprocessing = 0;
		};
/* End PBXFrameworksBuildPhase section */

/* Begin PBXGroup section */
		407B0ABC29E8781700AAC475 /* Trips */ = {
			isa = PBXGroup;
			children = (
				407B0ABD29E8783B00AAC475 /* RideRequestView.swift */,
			);
			path = Trips;
			sourceTree = "<group>";
		};
		40A357A229B11EFC00931DCD /* Home */ = {
			isa = PBXGroup;
			children = (
				40D7F78F29AFA91B00611CDF /* ViewModel */,
				40D7F78E29AFA91800611CDF /* Views */,
			);
			path = Home;
			sourceTree = "<group>";
		};
		40A357A329B11F2400931DCD /* LocationSearch */ = {
			isa = PBXGroup;
			children = (
				40A357A429B11F5400931DCD /* ViewModel */,
				40A357A529B11F5F00931DCD /* Views */,
			);
			path = LocationSearch;
			sourceTree = "<group>";
		};
		40A357A429B11F5400931DCD /* ViewModel */ = {
			isa = PBXGroup;
			children = (
				408D8C8429B3FB180037DA73 /* LocationSearchViewModel.swift */,
			);
			path = ViewModel;
			sourceTree = "<group>";
		};
		40A357A529B11F5F00931DCD /* Views */ = {
			isa = PBXGroup;
			children = (
				40A357A629B11FB000931DCD /* LocationSearchActivationView.swift */,
				40A357AA29B1225500931DCD /* LocationSearchView.swift */,
				40A357AC29B1256500931DCD /* LocationSearchResultCell.swift */,
			);
			path = Views;
			sourceTree = "<group>";
		};
		40D7F78929AFA88700611CDF /* Models */ = {
			isa = PBXGroup;
			children = (
				40CFCA9629D6070B008BCACC /* MapViewState.swift */,
				407B0ABF29E88DA000AAC475 /* RideType.swift */,
				4090CE0129EEFEAB00E1B4A8 /* iTaxiLocation.swift */,
			);
			path = Models;
			sourceTree = "<group>";
		};
		40D7F78A29AFA88E00611CDF /* Managers */ = {
			isa = PBXGroup;
			children = (
				406C0DB629AFEA1D00BFA06A /* LocationManager.swift */,
			);
			path = Managers;
			sourceTree = "<group>";
		};
		40D7F78B29AFA89500611CDF /* Extensions */ = {
			isa = PBXGroup;
			children = (
				4090CDFF29EEFC8200E1B4A8 /* Double.swift */,
			);
			path = Extensions;
			sourceTree = "<group>";
		};
		40D7F78C29AFA89800611CDF /* Core */ = {
			isa = PBXGroup;
			children = (
				407B0ABC29E8781700AAC475 /* Trips */,
				40A357A329B11F2400931DCD /* LocationSearch */,
				40A357A229B11EFC00931DCD /* Home */,
			);
			path = Core;
			sourceTree = "<group>";
		};
		40D7F78D29AFA89A00611CDF /* App */ = {
			isa = PBXGroup;
			children = (
				40F925F329AF508200434F98 /* iTaxiApp.swift */,
			);
			path = App;
			sourceTree = "<group>";
		};
		40D7F78E29AFA91800611CDF /* Views */ = {
			isa = PBXGroup;
			children = (
				40D7F79029AFA96000611CDF /* HomeView.swift */,
				40D7F79229AFA9D700611CDF /* iTaxiMapViewRepresentable.swift */,
				40A357A829B1215D00931DCD /* MapViewActionButton.swift */,
			);
			path = Views;
			sourceTree = "<group>";
		};
		40D7F78F29AFA91B00611CDF /* ViewModel */ = {
			isa = PBXGroup;
			children = (
			);
			path = ViewModel;
			sourceTree = "<group>";
		};
		40F925E729AF508200434F98 = {
			isa = PBXGroup;
			children = (
				40F925F229AF508200434F98 /* iTaxi */,
				40F925F129AF508200434F98 /* Products */,
			);
			sourceTree = "<group>";
		};
		40F925F129AF508200434F98 /* Products */ = {
			isa = PBXGroup;
			children = (
				40F925F029AF508200434F98 /* iTaxi.app */,
			);
			name = Products;
			sourceTree = "<group>";
		};
		40F925F229AF508200434F98 /* iTaxi */ = {
			isa = PBXGroup;
			children = (
				40D7F78D29AFA89A00611CDF /* App */,
				40D7F78C29AFA89800611CDF /* Core */,
				40D7F78B29AFA89500611CDF /* Extensions */,
				40D7F78A29AFA88E00611CDF /* Managers */,
				40D7F78929AFA88700611CDF /* Models */,
				40F925F729AF508300434F98 /* Assets.xcassets */,
				40F925F929AF508300434F98 /* Preview Content */,
			);
			path = iTaxi;
			sourceTree = "<group>";
		};
		40F925F929AF508300434F98 /* Preview Content */ = {
			isa = PBXGroup;
			children = (
				40F925FA29AF508300434F98 /* Preview Assets.xcassets */,
			);
			path = "Preview Content";
			sourceTree = "<group>";
		};
/* End PBXGroup section */

/* Begin PBXNativeTarget section */
		40F925EF29AF508200434F98 /* iTaxi */ = {
			isa = PBXNativeTarget;
			buildConfigurationList = 40F925FE29AF508300434F98 /* Build configuration list for PBXNativeTarget "iTaxi" */;
			buildPhases = (
				40F925EC29AF508200434F98 /* Sources */,
				40F925ED29AF508200434F98 /* Frameworks */,
				40F925EE29AF508200434F98 /* Resources */,
			);
			buildRules = (
			);
			dependencies = (
			);
			name = iTaxi;
			productName = iTaxi;
			productReference = 40F925F029AF508200434F98 /* iTaxi.app */;
			productType = "com.apple.product-type.application";
		};
/* End PBXNativeTarget section */

/* Begin PBXProject section */
		40F925E829AF508200434F98 /* Project object */ = {
			isa = PBXProject;
			attributes = {
				BuildIndependentTargetsInParallel = 1;
				LastSwiftUpdateCheck = 1420;
				LastUpgradeCheck = 1420;
				TargetAttributes = {
					40F925EF29AF508200434F98 = {
						CreatedOnToolsVersion = 14.2;
					};
				};
			};
			buildConfigurationList = 40F925EB29AF508200434F98 /* Build configuration list for PBXProject "iTaxi" */;
			compatibilityVersion = "Xcode 14.0";
			developmentRegion = en;
			hasScannedForEncodings = 0;
			knownRegions = (
				en,
				Base,
			);
			mainGroup = 40F925E729AF508200434F98;
			productRefGroup = 40F925F129AF508200434F98 /* Products */;
			projectDirPath = "";
			projectRoot = "";
			targets = (
				40F925EF29AF508200434F98 /* iTaxi */,
			);
		};
/* End PBXProject section */

/* Begin PBXResourcesBuildPhase section */
		40F925EE29AF508200434F98 /* Resources */ = {
			isa = PBXResourcesBuildPhase;
			buildActionMask = 2147483647;
			files = (
				40F925FB29AF508300434F98 /* Preview Assets.xcassets in Resources */,
				40F925F829AF508300434F98 /* Assets.xcassets in Resources */,
			);
			runOnlyForDeploymentPostprocessing = 0;
		};
/* End PBXResourcesBuildPhase section */

/* Begin PBXSourcesBuildPhase section */
		40F925EC29AF508200434F98 /* Sources */ = {
			isa = PBXSourcesBuildPhase;
			buildActionMask = 2147483647;
			files = (
				408D8C8529B3FB180037DA73 /* LocationSearchViewModel.swift in Sources */,
				40A357AB29B1225500931DCD /* LocationSearchView.swift in Sources */,
				406C0DB729AFEA1D00BFA06A /* LocationManager.swift in Sources */,
				407B0ABE29E8783B00AAC475 /* RideRequestView.swift in Sources */,
				4090CE0029EEFC8200E1B4A8 /* Double.swift in Sources */,
				40CFCA9729D6070B008BCACC /* MapViewState.swift in Sources */,
				40A357A929B1215D00931DCD /* MapViewActionButton.swift in Sources */,
				40D7F79329AFA9D700611CDF /* iTaxiMapViewRepresentable.swift in Sources */,
				40F925F429AF508200434F98 /* iTaxiApp.swift in Sources */,
				40D7F79129AFA96000611CDF /* HomeView.swift in Sources */,
				4090CE0229EEFEAB00E1B4A8 /* iTaxiLocation.swift in Sources */,
				40A357A729B11FB000931DCD /* LocationSearchActivationView.swift in Sources */,
				40A357AD29B1256500931DCD /* LocationSearchResultCell.swift in Sources */,
				407B0AC029E88DA000AAC475 /* RideType.swift in Sources */,
			);
			runOnlyForDeploymentPostprocessing = 0;
		};
/* End PBXSourcesBuildPhase section */

/* Begin XCBuildConfiguration section */
		40F925FC29AF508300434F98 /* Debug */ = {
			isa = XCBuildConfiguration;
			buildSettings = {
				ALWAYS_SEARCH_USER_PATHS = NO;
				CLANG_ANALYZER_NONNULL = YES;
				CLANG_ANALYZER_NUMBER_OBJECT_CONVERSION = YES_AGGRESSIVE;
				CLANG_CXX_LANGUAGE_STANDARD = "gnu++20";
				CLANG_ENABLE_MODULES = YES;
				CLANG_ENABLE_OBJC_ARC = YES;
				CLANG_ENABLE_OBJC_WEAK = YES;
				CLANG_WARN_BLOCK_CAPTURE_AUTORELEASING = YES;
				CLANG_WARN_BOOL_CONVERSION = YES;
				CLANG_WARN_COMMA = YES;
				CLANG_WARN_CONSTANT_CONVERSION = YES;
				CLANG_WARN_DEPRECATED_OBJC_IMPLEMENTATIONS = YES;
				CLANG_WARN_DIRECT_OBJC_ISA_USAGE = YES_ERROR;
				CLANG_WARN_DOCUMENTATION_COMMENTS = YES;
				CLANG_WARN_EMPTY_BODY = YES;
				CLANG_WARN_ENUM_CONVERSION = YES;
				CLANG_WARN_INFINITE_RECURSION = YES;
				CLANG_WARN_INT_CONVERSION = YES;
				CLANG_WARN_NON_LITERAL_NULL_CONVERSION = YES;
				CLANG_WARN_OBJC_IMPLICIT_RETAIN_SELF = YES;
				CLANG_WARN_OBJC_LITERAL_CONVERSION = YES;
				CLANG_WARN_OBJC_ROOT_CLASS = YES_ERROR;
				CLANG_WARN_QUOTED_INCLUDE_IN_FRAMEWORK_HEADER = YES;
				CLANG_WARN_RANGE_LOOP_ANALYSIS = YES;
				CLANG_WARN_STRICT_PROTOTYPES = YES;
				CLANG_WARN_SUSPICIOUS_MOVE = YES;
				CLANG_WARN_UNGUARDED_AVAILABILITY = YES_AGGRESSIVE;
				CLANG_WARN_UNREACHABLE_CODE = YES;
				CLANG_WARN__DUPLICATE_METHOD_MATCH = YES;
				COPY_PHASE_STRIP = NO;
				DEBUG_INFORMATION_FORMAT = dwarf;
				ENABLE_STRICT_OBJC_MSGSEND = YES;
				ENABLE_TESTABILITY = YES;
				GCC_C_LANGUAGE_STANDARD = gnu11;
				GCC_DYNAMIC_NO_PIC = NO;
				GCC_NO_COMMON_BLOCKS = YES;
				GCC_OPTIMIZATION_LEVEL = 0;
				GCC_PREPROCESSOR_DEFINITIONS = (
					"DEBUG=1",
					"$(inherited)",
				);
				GCC_WARN_64_TO_32_BIT_CONVERSION = YES;
				GCC_WARN_ABOUT_RETURN_TYPE = YES_ERROR;
				GCC_WARN_UNDECLARED_SELECTOR = YES;
				GCC_WARN_UNINITIALIZED_AUTOS = YES_AGGRESSIVE;
				GCC_WARN_UNUSED_FUNCTION = YES;
				GCC_WARN_UNUSED_VARIABLE = YES;
				IPHONEOS_DEPLOYMENT_TARGET = 16.2;
				MTL_ENABLE_DEBUG_INFO = INCLUDE_SOURCE;
				MTL_FAST_MATH = YES;
				ONLY_ACTIVE_ARCH = YES;
				SDKROOT = iphoneos;
				SWIFT_ACTIVE_COMPILATION_CONDITIONS = DEBUG;
				SWIFT_OPTIMIZATION_LEVEL = "-Onone";
			};
			name = Debug;
		};
		40F925FD29AF508300434F98 /* Release */ = {
			isa = XCBuildConfiguration;
			buildSettings = {
				ALWAYS_SEARCH_USER_PATHS = NO;
				CLANG_ANALYZER_NONNULL = YES;
				CLANG_ANALYZER_NUMBER_OBJECT_CONVERSION = YES_AGGRESSIVE;
				CLANG_CXX_LANGUAGE_STANDARD = "gnu++20";
				CLANG_ENABLE_MODULES = YES;
				CLANG_ENABLE_OBJC_ARC = YES;
				CLANG_ENABLE_OBJC_WEAK = YES;
				CLANG_WARN_BLOCK_CAPTURE_AUTORELEASING = YES;
				CLANG_WARN_BOOL_CONVERSION = YES;
				CLANG_WARN_COMMA = YES;
				CLANG_WARN_CONSTANT_CONVERSION = YES;
				CLANG_WARN_DEPRECATED_OBJC_IMPLEMENTATIONS = YES;
				CLANG_WARN_DIRECT_OBJC_ISA_USAGE = YES_ERROR;
				CLANG_WARN_DOCUMENTATION_COMMENTS = YES;
				CLANG_WARN_EMPTY_BODY = YES;
				CLANG_WARN_ENUM_CONVERSION = YES;
				CLANG_WARN_INFINITE_RECURSION = YES;
				CLANG_WARN_INT_CONVERSION = YES;
				CLANG_WARN_NON_LITERAL_NULL_CONVERSION = YES;
				CLANG_WARN_OBJC_IMPLICIT_RETAIN_SELF = YES;
				CLANG_WARN_OBJC_LITERAL_CONVERSION = YES;
				CLANG_WARN_OBJC_ROOT_CLASS = YES_ERROR;
				CLANG_WARN_QUOTED_INCLUDE_IN_FRAMEWORK_HEADER = YES;
				CLANG_WARN_RANGE_LOOP_ANALYSIS = YES;
				CLANG_WARN_STRICT_PROTOTYPES = YES;
				CLANG_WARN_SUSPICIOUS_MOVE = YES;
				CLANG_WARN_UNGUARDED_AVAILABILITY = YES_AGGRESSIVE;
				CLANG_WARN_UNREACHABLE_CODE = YES;
				CLANG_WARN__DUPLICATE_METHOD_MATCH = YES;
				COPY_PHASE_STRIP = NO;
				DEBUG_INFORMATION_FORMAT = "dwarf-with-dsym";
				ENABLE_NS_ASSERTIONS = NO;
				ENABLE_STRICT_OBJC_MSGSEND = YES;
				GCC_C_LANGUAGE_STANDARD = gnu11;
				GCC_NO_COMMON_BLOCKS = YES;
				GCC_WARN_64_TO_32_BIT_CONVERSION = YES;
				GCC_WARN_ABOUT_RETURN_TYPE = YES_ERROR;
				GCC_WARN_UNDECLARED_SELECTOR = YES;
				GCC_WARN_UNINITIALIZED_AUTOS = YES_AGGRESSIVE;
				GCC_WARN_UNUSED_FUNCTION = YES;
				GCC_WARN_UNUSED_VARIABLE = YES;
				IPHONEOS_DEPLOYMENT_TARGET = 16.2;
				MTL_ENABLE_DEBUG_INFO = NO;
				MTL_FAST_MATH = YES;
				SDKROOT = iphoneos;
				SWIFT_COMPILATION_MODE = wholemodule;
				SWIFT_OPTIMIZATION_LEVEL = "-O";
				VALIDATE_PRODUCT = YES;
			};
			name = Release;
		};
		40F925FF29AF508300434F98 /* Debug */ = {
			isa = XCBuildConfiguration;
			buildSettings = {
				ASSETCATALOG_COMPILER_APPICON_NAME = AppIcon;
				ASSETCATALOG_COMPILER_GLOBAL_ACCENT_COLOR_NAME = AccentColor;
				CODE_SIGN_STYLE = Automatic;
				CURRENT_PROJECT_VERSION = 1;
				DEVELOPMENT_ASSET_PATHS = "\"iTaxi/Preview Content\"";
				DEVELOPMENT_TEAM = XA4XDJAY3N;
				ENABLE_PREVIEWS = YES;
				GENERATE_INFOPLIST_FILE = YES;
				INFOPLIST_KEY_NSLocationWhenInUseUsageDescription = "Please allow us to acess your location to find you nearby drivers and riders";
				INFOPLIST_KEY_UIApplicationSceneManifest_Generation = YES;
				INFOPLIST_KEY_UIApplicationSupportsIndirectInputEvents = YES;
				INFOPLIST_KEY_UILaunchScreen_Generation = YES;
				INFOPLIST_KEY_UISupportedInterfaceOrientations_iPad = "UIInterfaceOrientationPortrait UIInterfaceOrientationPortraitUpsideDown UIInterfaceOrientationLandscapeLeft UIInterfaceOrientationLandscapeRight";
				INFOPLIST_KEY_UISupportedInterfaceOrientations_iPhone = "UIInterfaceOrientationPortrait UIInterfaceOrientationLandscapeLeft UIInterfaceOrientationLandscapeRight";
				LD_RUNPATH_SEARCH_PATHS = (
					"$(inherited)",
					"@executable_path/Frameworks",
				);
				MARKETING_VERSION = 1.0;
				PRODUCT_BUNDLE_IDENTIFIER = com.argonautts.iTaxi;
				PRODUCT_NAME = "$(TARGET_NAME)";
				SWIFT_EMIT_LOC_STRINGS = YES;
				SWIFT_VERSION = 5.0;
				TARGETED_DEVICE_FAMILY = "1,2";
			};
			name = Debug;
		};
		40F9260029AF508300434F98 /* Release */ = {
			isa = XCBuildConfiguration;
			buildSettings = {
				ASSETCATALOG_COMPILER_APPICON_NAME = AppIcon;
				ASSETCATALOG_COMPILER_GLOBAL_ACCENT_COLOR_NAME = AccentColor;
				CODE_SIGN_STYLE = Automatic;
				CURRENT_PROJECT_VERSION = 1;
				DEVELOPMENT_ASSET_PATHS = "\"iTaxi/Preview Content\"";
				DEVELOPMENT_TEAM = XA4XDJAY3N;
				ENABLE_PREVIEWS = YES;
				GENERATE_INFOPLIST_FILE = YES;
				INFOPLIST_KEY_NSLocationWhenInUseUsageDescription = "Please allow us to acess your location to find you nearby drivers and riders";
				INFOPLIST_KEY_UIApplicationSceneManifest_Generation = YES;
				INFOPLIST_KEY_UIApplicationSupportsIndirectInputEvents = YES;
				INFOPLIST_KEY_UILaunchScreen_Generation = YES;
				INFOPLIST_KEY_UISupportedInterfaceOrientations_iPad = "UIInterfaceOrientationPortrait UIInterfaceOrientationPortraitUpsideDown UIInterfaceOrientationLandscapeLeft UIInterfaceOrientationLandscapeRight";
				INFOPLIST_KEY_UISupportedInterfaceOrientations_iPhone = "UIInterfaceOrientationPortrait UIInterfaceOrientationLandscapeLeft UIInterfaceOrientationLandscapeRight";
				LD_RUNPATH_SEARCH_PATHS = (
					"$(inherited)",
					"@executable_path/Frameworks",
				);
				MARKETING_VERSION = 1.0;
				PRODUCT_BUNDLE_IDENTIFIER = com.argonautts.iTaxi;
				PRODUCT_NAME = "$(TARGET_NAME)";
				SWIFT_EMIT_LOC_STRINGS = YES;
				SWIFT_VERSION = 5.0;
				TARGETED_DEVICE_FAMILY = "1,2";
			};
			name = Release;
		};
/* End XCBuildConfiguration section */

/* Begin XCConfigurationList section */
		40F925EB29AF508200434F98 /* Build configuration list for PBXProject "iTaxi" */ = {
			isa = XCConfigurationList;
			buildConfigurations = (
				40F925FC29AF508300434F98 /* Debug */,
				40F925FD29AF508300434F98 /* Release */,
			);
			defaultConfigurationIsVisible = 0;
			defaultConfigurationName = Release;
		};
		40F925FE29AF508300434F98 /* Build configuration list for PBXNativeTarget "iTaxi" */ = {
			isa = XCConfigurationList;
			buildConfigurations = (
				40F925FF29AF508300434F98 /* Debug */,
				40F9260029AF508300434F98 /* Release */,
			);
			defaultConfigurationIsVisible = 0;
			defaultConfigurationName = Release;
		};
/* End XCConfigurationList section */
	};
	rootObject = 40F925E829AF508200434F98 /* Project object */;
}
